
Microsoft Visual Studio Solution File, Format Version 12.00
# Visual Studio 14
VisualStudioVersion = 14.0.23107.0
MinimumVisualStudioVersion = 10.0.40219.1
Project("{FAE04EC0-301F-11D3-BF4B-00C04F79EFBC}") = "MavenSynchronizationTool", "MavenSynchronizationTool\MavenSynchronizationTool.csproj", "{72CE3674-1928-4D5F-BAFB-EDC99B7AD4AD}"
EndProject
Project("{FAE04EC0-301F-11D3-BF4B-00C04F79EFBC}") = "UT", "UT\UT.csproj", "{1A51CE52-B520-4AD2-98E6-E01AACB90665}"
EndProject
Project("{2150E333-8FDC-42A3-9474-1A3956D46DE8}") = "UML", "UML", "{6B49FCB8-E378-413C-84F0-FCB2D7C2467F}"
EndProject
Project("{2150E333-8FDC-42A3-9474-1A3956D46DE8}") = "Solution Items", "Solution Items", "{4F77DF21-4B77-425D-ADB9-60B1BD44CFA6}"
	ProjectSection(SolutionItems) = preProject
		DLLs\log4net.dll = DLLs\log4net.dll
		DLLs\System.Data.SQLite.DLL = DLLs\System.Data.SQLite.DLL
		DLLs\System.Data.SQLite.Linq.dll = DLLs\System.Data.SQLite.Linq.dll
	EndProjectSection
EndProject
Global
	GlobalSection(SolutionConfigurationPlatforms) = preSolution
		Debug|Any CPU = Debug|Any CPU
		Release|Any CPU = Release|Any CPU
	EndGlobalSection
	GlobalSection(ProjectConfigurationPlatforms) = postSolution
		{72CE3674-1928-4D5F-BAFB-EDC99B7AD4AD}.Debug|Any CPU.ActiveCfg = Debug|Any CPU
		{72CE3674-1928-4D5F-BAFB-EDC99B7AD4AD}.Debug|Any CPU.Build.0 = Debug|Any CPU
		{72CE3674-1928-4D5F-BAFB-EDC99B7AD4AD}.Release|Any CPU.ActiveCfg = Release|Any CPU
		{72CE3674-1928-4D5F-BAFB-EDC99B7AD4AD}.Release|Any CPU.Build.0 = Release|Any CPU
		{1A51CE52-B520-4AD2-98E6-E01AACB90665}.Debug|Any CPU.ActiveCfg = Debug|Any CPU
		{1A51CE52-B520-4AD2-98E6-E01AACB90665}.Debug|Any CPU.Build.0 = Debug|Any CPU
		{1A51CE52-B520-4AD2-98E6-E01AACB90665}.Release|Any CPU.ActiveCfg = Release|Any CPU
		{1A51CE52-B520-4AD2-98E6-E01AACB90665}.Release|Any CPU.Build.0 = Release|Any CPU
	EndGlobalSection
	GlobalSection(SolutionProperties) = preSolution
		HideSolutionNode = FALSE
	EndGlobalSection
EndGlobal
